
Microsoft Visual Studio Solution File, Format Version 12.00
# Visual Studio 15
Project("{FAE04EC0-301F-11D3-BF4B-00C04F79EFBC}") = "Assembly-CSharp", "Assembly-CSharp.csproj", "{1392A641-0EA8-640F-D0A9-CF2F6F266FE1}"
EndProject
Project("{FAE04EC0-301F-11D3-BF4B-00C04F79EFBC}") = "Adobe.Substance", "Adobe.Substance.csproj", "{80B50E72-7FC6-0622-AE87-89919CC52A1F}"
EndProject
Project("{FAE04EC0-301F-11D3-BF4B-00C04F79EFBC}") = "Adobe.SubstanceEditor", "Adobe.SubstanceEditor.csproj", "{0FB5B6F7-0820-6FC9-DF25-3308DD011EEA}"
EndProject
Project("{FAE04EC0-301F-11D3-BF4B-00C04F79EFBC}") = "Adobe.Substance.Runtime", "Adobe.Substance.Runtime.csproj", "{A2F9305A-7A9B-C7EC-4646-A8B8C0A2B81D}"
EndProject
Global
	GlobalSection(SolutionConfigurationPlatforms) = preSolution
		Debug|Any CPU = Debug|Any CPU
		Release|Any CPU = Release|Any CPU
	EndGlobalSection
	GlobalSection(ProjectConfigurationPlatforms) = postSolution
		{1392A641-0EA8-640F-D0A9-CF2F6F266FE1}.Debug|Any CPU.ActiveCfg = Debug|Any CPU
		{1392A641-0EA8-640F-D0A9-CF2F6F266FE1}.Debug|Any CPU.Build.0 = Debug|Any CPU
		{1392A641-0EA8-640F-D0A9-CF2F6F266FE1}.Release|Any CPU.ActiveCfg = Release|Any CPU
		{1392A641-0EA8-640F-D0A9-CF2F6F266FE1}.Release|Any CPU.Build.0 = Release|Any CPU
		{80B50E72-7FC6-0622-AE87-89919CC52A1F}.Debug|Any CPU.ActiveCfg = Debug|Any CPU
		{80B50E72-7FC6-0622-AE87-89919CC52A1F}.Debug|Any CPU.Build.0 = Debug|Any CPU
		{80B50E72-7FC6-0622-AE87-89919CC52A1F}.Release|Any CPU.ActiveCfg = Release|Any CPU
		{80B50E72-7FC6-0622-AE87-89919CC52A1F}.Release|Any CPU.Build.0 = Release|Any CPU
		{0FB5B6F7-0820-6FC9-DF25-3308DD011EEA}.Debug|Any CPU.ActiveCfg = Debug|Any CPU
		{0FB5B6F7-0820-6FC9-DF25-3308DD011EEA}.Debug|Any CPU.Build.0 = Debug|Any CPU
		{0FB5B6F7-0820-6FC9-DF25-3308DD011EEA}.Release|Any CPU.ActiveCfg = Release|Any CPU
		{0FB5B6F7-0820-6FC9-DF25-3308DD011EEA}.Release|Any CPU.Build.0 = Release|Any CPU
		{A2F9305A-7A9B-C7EC-4646-A8B8C0A2B81D}.Debug|Any CPU.ActiveCfg = Debug|Any CPU
		{A2F9305A-7A9B-C7EC-4646-A8B8C0A2B81D}.Debug|Any CPU.Build.0 = Debug|Any CPU
		{A2F9305A-7A9B-C7EC-4646-A8B8C0A2B81D}.Release|Any CPU.ActiveCfg = Release|Any CPU
		{A2F9305A-7A9B-C7EC-4646-A8B8C0A2B81D}.Release|Any CPU.Build.0 = Release|Any CPU
	EndGlobalSection
	GlobalSection(SolutionProperties) = preSolution
		HideSolutionNode = FALSE
	EndGlobalSection
EndGlobal
